// !$*UTF8*$!
{
	archiveVersion = 1;
	classes = {
	};
	objectVersion = 56;
	objects = {

/* Begin PBXBuildFile section */
		5FBC898C2BE76F15006E73DD /* Assets.xcassets in Resources */ = {isa = PBXBuildFile; fileRef = 5FBC898B2BE76F15006E73DD /* Assets.xcassets */; };
		5FBC898F2BE76F15006E73DD /* LaunchScreen.storyboard in Resources */ = {isa = PBXBuildFile; fileRef = 5FBC898D2BE76F15006E73DD /* LaunchScreen.storyboard */; };
		5FBC899A2BE76F3D006E73DD /* NSMutableData+Append.swift in Sources */ = {isa = PBXBuildFile; fileRef = 5FBC89972BE76F3D006E73DD /* NSMutableData+Append.swift */; };
		5FBC899B2BE76F3D006E73DD /* Double+BytesToMBit.swift in Sources */ = {isa = PBXBuildFile; fileRef = 5FBC89982BE76F3D006E73DD /* Double+BytesToMBit.swift */; };
		5FBC899C2BE76F3D006E73DD /* URLRequest+AddData.swift in Sources */ = {isa = PBXBuildFile; fileRef = 5FBC89992BE76F3D006E73DD /* URLRequest+AddData.swift */; };
		5FBC899E2BE76F61006E73DD /* Main.storyboard in Resources */ = {isa = PBXBuildFile; fileRef = 5FBC899D2BE76F61006E73DD /* Main.storyboard */; };
		5FBC89A52BE76F78006E73DD /* Constants.swift in Sources */ = {isa = PBXBuildFile; fileRef = 5FBC899F2BE76F77006E73DD /* Constants.swift */; };
		5FBC89A62BE76F78006E73DD /* SceneDelegate.swift in Sources */ = {isa = PBXBuildFile; fileRef = 5FBC89A02BE76F77006E73DD /* SceneDelegate.swift */; };
		5FBC89A72BE76F78006E73DD /* SettingsManager.swift in Sources */ = {isa = PBXBuildFile; fileRef = 5FBC89A12BE76F77006E73DD /* SettingsManager.swift */; };
		5FBC89A82BE76F78006E73DD /* SpeedTestViewController.swift in Sources */ = {isa = PBXBuildFile; fileRef = 5FBC89A22BE76F78006E73DD /* SpeedTestViewController.swift */; };
		5FBC89A92BE76F78006E73DD /* SettingsViewController.swift in Sources */ = {isa = PBXBuildFile; fileRef = 5FBC89A32BE76F78006E73DD /* SettingsViewController.swift */; };
		5FBC89AA2BE76F78006E73DD /* AppDelegate.swift in Sources */ = {isa = PBXBuildFile; fileRef = 5FBC89A42BE76F78006E73DD /* AppDelegate.swift */; };
		5FBC89AC2BE77B4B006E73DD /* SpeedTestManager.swift in Sources */ = {isa = PBXBuildFile; fileRef = 5FBC89AB2BE77B4B006E73DD /* SpeedTestManager.swift */; };
		5FBC89AE2BE8C19A006E73DD /* SpeedTestViewModel.swift in Sources */ = {isa = PBXBuildFile; fileRef = 5FBC89AD2BE8C19A006E73DD /* SpeedTestViewModel.swift */; };
/* End PBXBuildFile section */

/* Begin PBXFileReference section */
		5FBC897F2BE76F11006E73DD /* SpeedTestMVVM.app */ = {isa = PBXFileReference; explicitFileType = wrapper.application; includeInIndex = 0; path = SpeedTestMVVM.app; sourceTree = BUILT_PRODUCTS_DIR; };
		5FBC898B2BE76F15006E73DD /* Assets.xcassets */ = {isa = PBXFileReference; lastKnownFileType = folder.assetcatalog; path = Assets.xcassets; sourceTree = "<group>"; };
		5FBC898E2BE76F15006E73DD /* Base */ = {isa = PBXFileReference; lastKnownFileType = file.storyboard; name = Base; path = Base.lproj/LaunchScreen.storyboard; sourceTree = "<group>"; };
		5FBC89902BE76F15006E73DD /* Info.plist */ = {isa = PBXFileReference; lastKnownFileType = text.plist.xml; path = Info.plist; sourceTree = "<group>"; };
		5FBC89972BE76F3D006E73DD /* NSMutableData+Append.swift */ = {isa = PBXFileReference; fileEncoding = 4; lastKnownFileType = sourcecode.swift; path = "NSMutableData+Append.swift"; sourceTree = "<group>"; };
		5FBC89982BE76F3D006E73DD /* Double+BytesToMBit.swift */ = {isa = PBXFileReference; fileEncoding = 4; lastKnownFileType = sourcecode.swift; path = "Double+BytesToMBit.swift"; sourceTree = "<group>"; };
		5FBC89992BE76F3D006E73DD /* URLRequest+AddData.swift */ = {isa = PBXFileReference; fileEncoding = 4; lastKnownFileType = sourcecode.swift; path = "URLRequest+AddData.swift"; sourceTree = "<group>"; };
		5FBC899D2BE76F61006E73DD /* Main.storyboard */ = {isa = PBXFileReference; fileEncoding = 4; lastKnownFileType = file.storyboard; path = Main.storyboard; sourceTree = "<group>"; };
		5FBC899F2BE76F77006E73DD /* Constants.swift */ = {isa = PBXFileReference; fileEncoding = 4; lastKnownFileType = sourcecode.swift; path = Constants.swift; sourceTree = "<group>"; };
		5FBC89A02BE76F77006E73DD /* SceneDelegate.swift */ = {isa = PBXFileReference; fileEncoding = 4; lastKnownFileType = sourcecode.swift; name = SceneDelegate.swift; path = ../../speedtest/speedtest/SceneDelegate.swift; sourceTree = "<group>"; };
		5FBC89A12BE76F77006E73DD /* SettingsManager.swift */ = {isa = PBXFileReference; fileEncoding = 4; lastKnownFileType = sourcecode.swift; path = SettingsManager.swift; sourceTree = "<group>"; };
		5FBC89A22BE76F78006E73DD /* SpeedTestViewController.swift */ = {isa = PBXFileReference; fileEncoding = 4; lastKnownFileType = sourcecode.swift; path = SpeedTestViewController.swift; sourceTree = "<group>"; };
		5FBC89A32BE76F78006E73DD /* SettingsViewController.swift */ = {isa = PBXFileReference; fileEncoding = 4; lastKnownFileType = sourcecode.swift; path = SettingsViewController.swift; sourceTree = "<group>"; };
		5FBC89A42BE76F78006E73DD /* AppDelegate.swift */ = {isa = PBXFileReference; fileEncoding = 4; lastKnownFileType = sourcecode.swift; name = AppDelegate.swift; path = ../../speedtest/speedtest/AppDelegate.swift; sourceTree = "<group>"; };
		5FBC89AB2BE77B4B006E73DD /* SpeedTestManager.swift */ = {isa = PBXFileReference; lastKnownFileType = sourcecode.swift; path = SpeedTestManager.swift; sourceTree = "<group>"; };
		5FBC89AD2BE8C19A006E73DD /* SpeedTestViewModel.swift */ = {isa = PBXFileReference; lastKnownFileType = sourcecode.swift; path = SpeedTestViewModel.swift; sourceTree = "<group>"; };
/* End PBXFileReference section */

/* Begin PBXFrameworksBuildPhase section */
		5FBC897C2BE76F11006E73DD /* Frameworks */ = {
			isa = PBXFrameworksBuildPhase;
			buildActionMask = 2147483647;
			files = (
			);
			runOnlyForDeploymentPostprocessing = 0;
		};
/* End PBXFrameworksBuildPhase section */

/* Begin PBXGroup section */
		5FBC89762BE76F10006E73DD = {
			isa = PBXGroup;
			children = (
				5FBC89812BE76F11006E73DD /* SpeedTestMVVM */,
				5FBC89802BE76F11006E73DD /* Products */,
			);
			sourceTree = "<group>";
		};
		5FBC89802BE76F11006E73DD /* Products */ = {
			isa = PBXGroup;
			children = (
				5FBC897F2BE76F11006E73DD /* SpeedTestMVVM.app */,
			);
			name = Products;
			sourceTree = "<group>";
		};
		5FBC89812BE76F11006E73DD /* SpeedTestMVVM */ = {
			isa = PBXGroup;
			children = (
				5FBC89B22BE8CC42006E73DD /* Resources */,
				5FBC89B12BE8CBC2006E73DD /* ViewModels */,
				5FBC89B02BE8CBBD006E73DD /* Models */,
				5FBC89AF2BE8CBB3006E73DD /* Views */,
				5FBC89962BE76F3D006E73DD /* Extensions */,
				5FBC89A42BE76F78006E73DD /* AppDelegate.swift */,
				5FBC89A02BE76F77006E73DD /* SceneDelegate.swift */,
				5FBC899D2BE76F61006E73DD /* Main.storyboard */,
				5FBC898B2BE76F15006E73DD /* Assets.xcassets */,
				5FBC898D2BE76F15006E73DD /* LaunchScreen.storyboard */,
				5FBC89902BE76F15006E73DD /* Info.plist */,
			);
			path = SpeedTestMVVM;
			sourceTree = "<group>";
		};
		5FBC89962BE76F3D006E73DD /* Extensions */ = {
			isa = PBXGroup;
			children = (
				5FBC89972BE76F3D006E73DD /* NSMutableData+Append.swift */,
				5FBC89982BE76F3D006E73DD /* Double+BytesToMBit.swift */,
				5FBC89992BE76F3D006E73DD /* URLRequest+AddData.swift */,
			);
			path = Extensions;
			sourceTree = "<group>";
		};
		5FBC89AF2BE8CBB3006E73DD /* Views */ = {
			isa = PBXGroup;
			children = (
				5FBC89A22BE76F78006E73DD /* SpeedTestViewController.swift */,
				5FBC89A32BE76F78006E73DD /* SettingsViewController.swift */,
			);
			path = Views;
			sourceTree = "<group>";
		};
		5FBC89B02BE8CBBD006E73DD /* Models */ = {
			isa = PBXGroup;
			children = (
				5FBC89A12BE76F77006E73DD /* SettingsManager.swift */,
				5FBC89AB2BE77B4B006E73DD /* SpeedTestManager.swift */,
			);
			path = Models;
			sourceTree = "<group>";
		};
		5FBC89B12BE8CBC2006E73DD /* ViewModels */ = {
			isa = PBXGroup;
			children = (
				5FBC89AD2BE8C19A006E73DD /* SpeedTestViewModel.swift */,
			);
			path = ViewModels;
			sourceTree = "<group>";
		};
		5FBC89B22BE8CC42006E73DD /* Resources */ = {
			isa = PBXGroup;
			children = (
				5FBC899F2BE76F77006E73DD /* Constants.swift */,
			);
			path = Resources;
			sourceTree = "<group>";
		};
/* End PBXGroup section */

/* Begin PBXNativeTarget section */
		5FBC897E2BE76F11006E73DD /* SpeedTestMVVM */ = {
			isa = PBXNativeTarget;
			buildConfigurationList = 5FBC89932BE76F15006E73DD /* Build configuration list for PBXNativeTarget "SpeedTestMVVM" */;
			buildPhases = (
				5FBC897B2BE76F11006E73DD /* Sources */,
				5FBC897C2BE76F11006E73DD /* Frameworks */,
				5FBC897D2BE76F11006E73DD /* Resources */,
			);
			buildRules = (
			);
			dependencies = (
			);
			name = SpeedTestMVVM;
			productName = SpeedTestMVVM;
			productReference = 5FBC897F2BE76F11006E73DD /* SpeedTestMVVM.app */;
			productType = "com.apple.product-type.application";
		};
/* End PBXNativeTarget section */

/* Begin PBXProject section */
		5FBC89772BE76F10006E73DD /* Project object */ = {
			isa = PBXProject;
			attributes = {
				BuildIndependentTargetsInParallel = 1;
				LastSwiftUpdateCheck = 1510;
				LastUpgradeCheck = 1510;
				TargetAttributes = {
					5FBC897E2BE76F11006E73DD = {
						CreatedOnToolsVersion = 15.1;
					};
				};
			};
			buildConfigurationList = 5FBC897A2BE76F10006E73DD /* Build configuration list for PBXProject "SpeedTestMVVM" */;
			compatibilityVersion = "Xcode 14.0";
			developmentRegion = en;
			hasScannedForEncodings = 0;
			knownRegions = (
				en,
				Base,
			);
			mainGroup = 5FBC89762BE76F10006E73DD;
			productRefGroup = 5FBC89802BE76F11006E73DD /* Products */;
			projectDirPath = "";
			projectRoot = "";
			targets = (
				5FBC897E2BE76F11006E73DD /* SpeedTestMVVM */,
			);
		};
/* End PBXProject section */

/* Begin PBXResourcesBuildPhase section */
		5FBC897D2BE76F11006E73DD /* Resources */ = {
			isa = PBXResourcesBuildPhase;
			buildActionMask = 2147483647;
			files = (
				5FBC898F2BE76F15006E73DD /* LaunchScreen.storyboard in Resources */,
				5FBC898C2BE76F15006E73DD /* Assets.xcassets in Resources */,
				5FBC899E2BE76F61006E73DD /* Main.storyboard in Resources */,
			);
			runOnlyForDeploymentPostprocessing = 0;
		};
/* End PBXResourcesBuildPhase section */

/* Begin PBXSourcesBuildPhase section */
		5FBC897B2BE76F11006E73DD /* Sources */ = {
			isa = PBXSourcesBuildPhase;
			buildActionMask = 2147483647;
			files = (
				5FBC89AA2BE76F78006E73DD /* AppDelegate.swift in Sources */,
				5FBC899C2BE76F3D006E73DD /* URLRequest+AddData.swift in Sources */,
				5FBC89A92BE76F78006E73DD /* SettingsViewController.swift in Sources */,
				5FBC89AE2BE8C19A006E73DD /* SpeedTestViewModel.swift in Sources */,
				5FBC89A82BE76F78006E73DD /* SpeedTestViewController.swift in Sources */,
				5FBC899B2BE76F3D006E73DD /* Double+BytesToMBit.swift in Sources */,
				5FBC89AC2BE77B4B006E73DD /* SpeedTestManager.swift in Sources */,
				5FBC899A2BE76F3D006E73DD /* NSMutableData+Append.swift in Sources */,
				5FBC89A52BE76F78006E73DD /* Constants.swift in Sources */,
				5FBC89A62BE76F78006E73DD /* SceneDelegate.swift in Sources */,
				5FBC89A72BE76F78006E73DD /* SettingsManager.swift in Sources */,
			);
			runOnlyForDeploymentPostprocessing = 0;
		};
/* End PBXSourcesBuildPhase section */

/* Begin PBXVariantGroup section */
		5FBC898D2BE76F15006E73DD /* LaunchScreen.storyboard */ = {
			isa = PBXVariantGroup;
			children = (
				5FBC898E2BE76F15006E73DD /* Base */,
			);
			name = LaunchScreen.storyboard;
			sourceTree = "<group>";
		};
/* End PBXVariantGroup section */

/* Begin XCBuildConfiguration section */
		5FBC89912BE76F15006E73DD /* Debug */ = {
			isa = XCBuildConfiguration;
			buildSettings = {
				ALWAYS_SEARCH_USER_PATHS = NO;
				ASSETCATALOG_COMPILER_GENERATE_SWIFT_ASSET_SYMBOL_EXTENSIONS = YES;
				CLANG_ANALYZER_NONNULL = YES;
				CLANG_ANALYZER_NUMBER_OBJECT_CONVERSION = YES_AGGRESSIVE;
				CLANG_CXX_LANGUAGE_STANDARD = "gnu++20";
				CLANG_ENABLE_MODULES = YES;
				CLANG_ENABLE_OBJC_ARC = YES;
				CLANG_ENABLE_OBJC_WEAK = YES;
				CLANG_WARN_BLOCK_CAPTURE_AUTORELEASING = YES;
				CLANG_WARN_BOOL_CONVERSION = YES;
				CLANG_WARN_COMMA = YES;
				CLANG_WARN_CONSTANT_CONVERSION = YES;
				CLANG_WARN_DEPRECATED_OBJC_IMPLEMENTATIONS = YES;
				CLANG_WARN_DIRECT_OBJC_ISA_USAGE = YES_ERROR;
				CLANG_WARN_DOCUMENTATION_COMMENTS = YES;
				CLANG_WARN_EMPTY_BODY = YES;
				CLANG_WARN_ENUM_CONVERSION = YES;
				CLANG_WARN_INFINITE_RECURSION = YES;
				CLANG_WARN_INT_CONVERSION = YES;
				CLANG_WARN_NON_LITERAL_NULL_CONVERSION = YES;
				CLANG_WARN_OBJC_IMPLICIT_RETAIN_SELF = YES;
				CLANG_WARN_OBJC_LITERAL_CONVERSION = YES;
				CLANG_WARN_OBJC_ROOT_CLASS = YES_ERROR;
				CLANG_WARN_QUOTED_INCLUDE_IN_FRAMEWORK_HEADER = YES;
				CLANG_WARN_RANGE_LOOP_ANALYSIS = YES;
				CLANG_WARN_STRICT_PROTOTYPES = YES;
				CLANG_WARN_SUSPICIOUS_MOVE = YES;
				CLANG_WARN_UNGUARDED_AVAILABILITY = YES_AGGRESSIVE;
				CLANG_WARN_UNREACHABLE_CODE = YES;
				CLANG_WARN__DUPLICATE_METHOD_MATCH = YES;
				COPY_PHASE_STRIP = NO;
				DEBUG_INFORMATION_FORMAT = dwarf;
				ENABLE_STRICT_OBJC_MSGSEND = YES;
				ENABLE_TESTABILITY = YES;
				ENABLE_USER_SCRIPT_SANDBOXING = YES;
				GCC_C_LANGUAGE_STANDARD = gnu17;
				GCC_DYNAMIC_NO_PIC = NO;
				GCC_NO_COMMON_BLOCKS = YES;
				GCC_OPTIMIZATION_LEVEL = 0;
				GCC_PREPROCESSOR_DEFINITIONS = (
					"DEBUG=1",
					"$(inherited)",
				);
				GCC_WARN_64_TO_32_BIT_CONVERSION = YES;
				GCC_WARN_ABOUT_RETURN_TYPE = YES_ERROR;
				GCC_WARN_UNDECLARED_SELECTOR = YES;
				GCC_WARN_UNINITIALIZED_AUTOS = YES_AGGRESSIVE;
				GCC_WARN_UNUSED_FUNCTION = YES;
				GCC_WARN_UNUSED_VARIABLE = YES;
				IPHONEOS_DEPLOYMENT_TARGET = 17.2;
				LOCALIZATION_PREFERS_STRING_CATALOGS = YES;
				MTL_ENABLE_DEBUG_INFO = INCLUDE_SOURCE;
				MTL_FAST_MATH = YES;
				ONLY_ACTIVE_ARCH = YES;
				SDKROOT = iphoneos;
				SWIFT_ACTIVE_COMPILATION_CONDITIONS = "DEBUG $(inherited)";
				SWIFT_OPTIMIZATION_LEVEL = "-Onone";
			};
			name = Debug;
		};
		5FBC89922BE76F15006E73DD /* Release */ = {
			isa = XCBuildConfiguration;
			buildSettings = {
				ALWAYS_SEARCH_USER_PATHS = NO;
				ASSETCATALOG_COMPILER_GENERATE_SWIFT_ASSET_SYMBOL_EXTENSIONS = YES;
				CLANG_ANALYZER_NONNULL = YES;
				CLANG_ANALYZER_NUMBER_OBJECT_CONVERSION = YES_AGGRESSIVE;
				CLANG_CXX_LANGUAGE_STANDARD = "gnu++20";
				CLANG_ENABLE_MODULES = YES;
				CLANG_ENABLE_OBJC_ARC = YES;
				CLANG_ENABLE_OBJC_WEAK = YES;
				CLANG_WARN_BLOCK_CAPTURE_AUTORELEASING = YES;
				CLANG_WARN_BOOL_CONVERSION = YES;
				CLANG_WARN_COMMA = YES;
				CLANG_WARN_CONSTANT_CONVERSION = YES;
				CLANG_WARN_DEPRECATED_OBJC_IMPLEMENTATIONS = YES;
				CLANG_WARN_DIRECT_OBJC_ISA_USAGE = YES_ERROR;
				CLANG_WARN_DOCUMENTATION_COMMENTS = YES;
				CLANG_WARN_EMPTY_BODY = YES;
				CLANG_WARN_ENUM_CONVERSION = YES;
				CLANG_WARN_INFINITE_RECURSION = YES;
				CLANG_WARN_INT_CONVERSION = YES;
				CLANG_WARN_NON_LITERAL_NULL_CONVERSION = YES;
				CLANG_WARN_OBJC_IMPLICIT_RETAIN_SELF = YES;
				CLANG_WARN_OBJC_LITERAL_CONVERSION = YES;
				CLANG_WARN_OBJC_ROOT_CLASS = YES_ERROR;
				CLANG_WARN_QUOTED_INCLUDE_IN_FRAMEWORK_HEADER = YES;
				CLANG_WARN_RANGE_LOOP_ANALYSIS = YES;
				CLANG_WARN_STRICT_PROTOTYPES = YES;
				CLANG_WARN_SUSPICIOUS_MOVE = YES;
				CLANG_WARN_UNGUARDED_AVAILABILITY = YES_AGGRESSIVE;
				CLANG_WARN_UNREACHABLE_CODE = YES;
				CLANG_WARN__DUPLICATE_METHOD_MATCH = YES;
				COPY_PHASE_STRIP = NO;
				DEBUG_INFORMATION_FORMAT = "dwarf-with-dsym";
				ENABLE_NS_ASSERTIONS = NO;
				ENABLE_STRICT_OBJC_MSGSEND = YES;
				ENABLE_USER_SCRIPT_SANDBOXING = YES;
				GCC_C_LANGUAGE_STANDARD = gnu17;
				GCC_NO_COMMON_BLOCKS = YES;
				GCC_WARN_64_TO_32_BIT_CONVERSION = YES;
				GCC_WARN_ABOUT_RETURN_TYPE = YES_ERROR;
				GCC_WARN_UNDECLARED_SELECTOR = YES;
				GCC_WARN_UNINITIALIZED_AUTOS = YES_AGGRESSIVE;
				GCC_WARN_UNUSED_FUNCTION = YES;
				GCC_WARN_UNUSED_VARIABLE = YES;
				IPHONEOS_DEPLOYMENT_TARGET = 17.2;
				LOCALIZATION_PREFERS_STRING_CATALOGS = YES;
				MTL_ENABLE_DEBUG_INFO = NO;
				MTL_FAST_MATH = YES;
				SDKROOT = iphoneos;
				SWIFT_COMPILATION_MODE = wholemodule;
				VALIDATE_PRODUCT = YES;
			};
			name = Release;
		};
		5FBC89942BE76F15006E73DD /* Debug */ = {
			isa = XCBuildConfiguration;
			buildSettings = {
				ASSETCATALOG_COMPILER_APPICON_NAME = AppIcon;
				ASSETCATALOG_COMPILER_GLOBAL_ACCENT_COLOR_NAME = AccentColor;
				CODE_SIGN_STYLE = Automatic;
				CURRENT_PROJECT_VERSION = 1;
				DEVELOPMENT_TEAM = PGXR3ZUCW4;
				GENERATE_INFOPLIST_FILE = YES;
				INFOPLIST_FILE = SpeedTestMVVM/Info.plist;
				INFOPLIST_KEY_UIApplicationSupportsIndirectInputEvents = YES;
				INFOPLIST_KEY_UILaunchStoryboardName = LaunchScreen;
				INFOPLIST_KEY_UIMainStoryboardFile = Main;
				INFOPLIST_KEY_UISupportedInterfaceOrientations_iPad = "UIInterfaceOrientationPortrait UIInterfaceOrientationPortraitUpsideDown UIInterfaceOrientationLandscapeLeft UIInterfaceOrientationLandscapeRight";
				INFOPLIST_KEY_UISupportedInterfaceOrientations_iPhone = "UIInterfaceOrientationPortrait UIInterfaceOrientationLandscapeLeft UIInterfaceOrientationLandscapeRight";
				LD_RUNPATH_SEARCH_PATHS = (
					"$(inherited)",
					"@executable_path/Frameworks",
				);
				MARKETING_VERSION = 1.0;
				PRODUCT_BUNDLE_IDENTIFIER = "-.SpeedTestMVVM";
				PRODUCT_NAME = "$(TARGET_NAME)";
				SWIFT_EMIT_LOC_STRINGS = YES;
				SWIFT_VERSION = 5.0;
				TARGETED_DEVICE_FAMILY = "1,2";
			};
			name = Debug;
		};
		5FBC89952BE76F15006E73DD /* Release */ = {
			isa = XCBuildConfiguration;
			buildSettings = {
				ASSETCATALOG_COMPILER_APPICON_NAME = AppIcon;
				ASSETCATALOG_COMPILER_GLOBAL_ACCENT_COLOR_NAME = AccentColor;
				CODE_SIGN_STYLE = Automatic;
				CURRENT_PROJECT_VERSION = 1;
				DEVELOPMENT_TEAM = PGXR3ZUCW4;
				GENERATE_INFOPLIST_FILE = YES;
				INFOPLIST_FILE = SpeedTestMVVM/Info.plist;
				INFOPLIST_KEY_UIApplicationSupportsIndirectInputEvents = YES;
				INFOPLIST_KEY_UILaunchStoryboardName = LaunchScreen;
				INFOPLIST_KEY_UIMainStoryboardFile = Main;
				INFOPLIST_KEY_UISupportedInterfaceOrientations_iPad = "UIInterfaceOrientationPortrait UIInterfaceOrientationPortraitUpsideDown UIInterfaceOrientationLandscapeLeft UIInterfaceOrientationLandscapeRight";
				INFOPLIST_KEY_UISupportedInterfaceOrientations_iPhone = "UIInterfaceOrientationPortrait UIInterfaceOrientationLandscapeLeft UIInterfaceOrientationLandscapeRight";
				LD_RUNPATH_SEARCH_PATHS = (
					"$(inherited)",
					"@executable_path/Frameworks",
				);
				MARKETING_VERSION = 1.0;
				PRODUCT_BUNDLE_IDENTIFIER = "-.SpeedTestMVVM";
				PRODUCT_NAME = "$(TARGET_NAME)";
				SWIFT_EMIT_LOC_STRINGS = YES;
				SWIFT_VERSION = 5.0;
				TARGETED_DEVICE_FAMILY = "1,2";
			};
			name = Release;
		};
/* End XCBuildConfiguration section */

/* Begin XCConfigurationList section */
		5FBC897A2BE76F10006E73DD /* Build configuration list for PBXProject "SpeedTestMVVM" */ = {
			isa = XCConfigurationList;
			buildConfigurations = (
				5FBC89912BE76F15006E73DD /* Debug */,
				5FBC89922BE76F15006E73DD /* Release */,
			);
			defaultConfigurationIsVisible = 0;
			defaultConfigurationName = Release;
		};
		5FBC89932BE76F15006E73DD /* Build configuration list for PBXNativeTarget "SpeedTestMVVM" */ = {
			isa = XCConfigurationList;
			buildConfigurations = (
				5FBC89942BE76F15006E73DD /* Debug */,
				5FBC89952BE76F15006E73DD /* Release */,
			);
			defaultConfigurationIsVisible = 0;
			defaultConfigurationName = Release;
		};
/* End XCConfigurationList section */
	};
	rootObject = 5FBC89772BE76F10006E73DD /* Project object */;
}
